
Microsoft Visual Studio Solution File, Format Version 12.00
# Visual Studio Version 16
VisualStudioVersion = 16.0.28803.202
MinimumVisualStudioVersion = 10.0.40219.1
Project("{FAE04EC0-301F-11D3-BF4B-00C04F79EFBC}") = "Мухутдинов", "Мухутдинов.csproj", "{007D9CB6-7ED4-4AE4-8908-D94787D0E623}"
EndProject
Global
	GlobalSection(SolutionConfigurationPlatforms) = preSolution
		Debug|Any CPU = Debug|Any CPU
		Release|Any CPU = Release|Any CPU
	EndGlobalSection
	GlobalSection(ProjectConfigurationPlatforms) = postSolution
		{007D9CB6-7ED4-4AE4-8908-D94787D0E623}.Debug|Any CPU.ActiveCfg = Debug|Any CPU
		{007D9CB6-7ED4-4AE4-8908-D94787D0E623}.Debug|Any CPU.Build.0 = Debug|Any CPU
		{007D9CB6-7ED4-4AE4-8908-D94787D0E623}.Release|Any CPU.ActiveCfg = Release|Any CPU
		{007D9CB6-7ED4-4AE4-8908-D94787D0E623}.Release|Any CPU.Build.0 = Release|Any CPU
	EndGlobalSection
	GlobalSection(SolutionProperties) = preSolution
		HideSolutionNode = FALSE
	EndGlobalSection
	GlobalSection(ExtensibilityGlobals) = postSolution
		SolutionGuid = {5EB1A2CF-4D45-4A59-A5BC-67D3F00D66F1}
	EndGlobalSection
EndGlobal
